{
  "name": "@packages/addon-cs",
  "version": "0.1.0",
  "lockfileVersion": 3,
  "requires": true,
  "packages": {
    "": {
      "name": "@packages/addon-cs",
      "version": "0.1.0",
      "license": "MIT",
      "dependencies": {
        "node-api-dotnet": "^0.9.0"
      }
    },
    "node_modules/node-api-dotnet": {
      "version": "0.9.19",
      "resolved": "https://registry.npmjs.org/node-api-dotnet/-/node-api-dotnet-0.9.19.tgz",
      "integrity": "sha512-7y+mPsIfebm8ftc+ZdQtC/05KT5IRK4N4Kdkb+VPpW7fLJsGupIiTOCCDZ3H4tKNPVvifNzFCbv0lak/JCKh+w==",
      "license": "MIT"
    }
  }
}
